
Microsoft Visual Studio Solution File, Format Version 12.00
# Visual Studio Version 16
VisualStudioVersion = 16.0.28917.181
MinimumVisualStudioVersion = 10.0.40219.1
Project("{FAE04EC0-301F-11D3-BF4B-00C04F79EFBC}") = "FizzBuzz", "FizzBuzz.csproj", "{7BA93FAA-4BCE-4D2A-A898-EE311C6D1CA9}"
EndProject
Global
	GlobalSection(SolutionConfigurationPlatforms) = preSolution
		Debug|Any CPU = Debug|Any CPU
		Release|Any CPU = Release|Any CPU
	EndGlobalSection
	GlobalSection(ProjectConfigurationPlatforms) = postSolution
		{7BA93FAA-4BCE-4D2A-A898-EE311C6D1CA9}.Debug|Any CPU.ActiveCfg = Debug|Any CPU
		{7BA93FAA-4BCE-4D2A-A898-EE311C6D1CA9}.Debug|Any CPU.Build.0 = Debug|Any CPU
		{7BA93FAA-4BCE-4D2A-A898-EE311C6D1CA9}.Release|Any CPU.ActiveCfg = Release|Any CPU
		{7BA93FAA-4BCE-4D2A-A898-EE311C6D1CA9}.Release|Any CPU.Build.0 = Release|Any CPU
	EndGlobalSection
	GlobalSection(SolutionProperties) = preSolution
		HideSolutionNode = FALSE
	EndGlobalSection
	GlobalSection(ExtensibilityGlobals) = postSolution
		SolutionGuid = {1384D442-B44D-40BE-841F-2A7BD6CBAE34}
	EndGlobalSection
EndGlobal
