
Microsoft Visual Studio Solution File, Format Version 12.00
# Visual Studio 15
VisualStudioVersion = 15.0.27004.2002
MinimumVisualStudioVersion = 10.0.40219.1
Project("{FAE04EC0-301F-11D3-BF4B-00C04F79EFBC}") = "CoinMarketCapClient", "CoinMarketCap\CoinMarketCapClient.csproj", "{D6FE1EB0-0880-4F41-8752-B837DC08382B}"
EndProject
Project("{FAE04EC0-301F-11D3-BF4B-00C04F79EFBC}") = "Data", "Data\Data.csproj", "{8FD34354-F18A-488B-ABE1-F65E8A519CDC}"
EndProject
Project("{FAE04EC0-301F-11D3-BF4B-00C04F79EFBC}") = "MarketDataAgent", "WindowsService1\MarketDataAgent.csproj", "{701BB459-D701-4E9C-840E-E5CA07B1A67E}"
EndProject
Project("{FAE04EC0-301F-11D3-BF4B-00C04F79EFBC}") = "TestClinet", "WindowsFormsApp1\TestClinet.csproj", "{B95A3DA0-038C-462A-B2EA-8348CBB713AE}"
EndProject
Project("{FAE04EC0-301F-11D3-BF4B-00C04F79EFBC}") = "MathmaticalPrediction", "MathmaticalPrediction\MathmaticalPrediction.csproj", "{57183094-75E0-4C1A-90CD-797326740886}"
EndProject
Global
	GlobalSection(SolutionConfigurationPlatforms) = preSolution
		Debug|Any CPU = Debug|Any CPU
		Release|Any CPU = Release|Any CPU
	EndGlobalSection
	GlobalSection(ProjectConfigurationPlatforms) = postSolution
		{D6FE1EB0-0880-4F41-8752-B837DC08382B}.Debug|Any CPU.ActiveCfg = Debug|Any CPU
		{D6FE1EB0-0880-4F41-8752-B837DC08382B}.Debug|Any CPU.Build.0 = Debug|Any CPU
		{D6FE1EB0-0880-4F41-8752-B837DC08382B}.Release|Any CPU.ActiveCfg = Release|Any CPU
		{D6FE1EB0-0880-4F41-8752-B837DC08382B}.Release|Any CPU.Build.0 = Release|Any CPU
		{8FD34354-F18A-488B-ABE1-F65E8A519CDC}.Debug|Any CPU.ActiveCfg = Debug|Any CPU
		{8FD34354-F18A-488B-ABE1-F65E8A519CDC}.Debug|Any CPU.Build.0 = Debug|Any CPU
		{8FD34354-F18A-488B-ABE1-F65E8A519CDC}.Release|Any CPU.ActiveCfg = Release|Any CPU
		{8FD34354-F18A-488B-ABE1-F65E8A519CDC}.Release|Any CPU.Build.0 = Release|Any CPU
		{701BB459-D701-4E9C-840E-E5CA07B1A67E}.Debug|Any CPU.ActiveCfg = Debug|Any CPU
		{701BB459-D701-4E9C-840E-E5CA07B1A67E}.Debug|Any CPU.Build.0 = Debug|Any CPU
		{701BB459-D701-4E9C-840E-E5CA07B1A67E}.Release|Any CPU.ActiveCfg = Release|Any CPU
		{701BB459-D701-4E9C-840E-E5CA07B1A67E}.Release|Any CPU.Build.0 = Release|Any CPU
		{B95A3DA0-038C-462A-B2EA-8348CBB713AE}.Debug|Any CPU.ActiveCfg = Debug|Any CPU
		{B95A3DA0-038C-462A-B2EA-8348CBB713AE}.Debug|Any CPU.Build.0 = Debug|Any CPU
		{B95A3DA0-038C-462A-B2EA-8348CBB713AE}.Release|Any CPU.ActiveCfg = Release|Any CPU
		{B95A3DA0-038C-462A-B2EA-8348CBB713AE}.Release|Any CPU.Build.0 = Release|Any CPU
		{57183094-75E0-4C1A-90CD-797326740886}.Debug|Any CPU.ActiveCfg = Debug|Any CPU
		{57183094-75E0-4C1A-90CD-797326740886}.Debug|Any CPU.Build.0 = Debug|Any CPU
		{57183094-75E0-4C1A-90CD-797326740886}.Release|Any CPU.ActiveCfg = Release|Any CPU
		{57183094-75E0-4C1A-90CD-797326740886}.Release|Any CPU.Build.0 = Release|Any CPU
	EndGlobalSection
	GlobalSection(SolutionProperties) = preSolution
		HideSolutionNode = FALSE
	EndGlobalSection
	GlobalSection(ExtensibilityGlobals) = postSolution
		SolutionGuid = {8BA37CBB-417D-4505-AB51-7385736C3667}
	EndGlobalSection
EndGlobal
